// !$*UTF8*$!
{
	archiveVersion = 1;
	classes = {
	};
	objectVersion = 56;
	objects = {

/* Begin PBXBuildFile section */
		9BC45FAB2CBE8AC700D16041 /* AppDelegate.swift in Sources */ = {isa = PBXBuildFile; fileRef = 9BC45FAA2CBE8AC700D16041 /* AppDelegate.swift */; };
		9BC45FAD2CBE8AC700D16041 /* SceneDelegate.swift in Sources */ = {isa = PBXBuildFile; fileRef = 9BC45FAC2CBE8AC700D16041 /* SceneDelegate.swift */; };
		9BC45FB22CBE8AC700D16041 /* Main.storyboard in Resources */ = {isa = PBXBuildFile; fileRef = 9BC45FB02CBE8AC700D16041 /* Main.storyboard */; };
		9BC45FB42CBE8AC900D16041 /* Assets.xcassets in Resources */ = {isa = PBXBuildFile; fileRef = 9BC45FB32CBE8AC900D16041 /* Assets.xcassets */; };
		9BC45FB72CBE8AC900D16041 /* LaunchScreen.storyboard in Resources */ = {isa = PBXBuildFile; fileRef = 9BC45FB52CBE8AC900D16041 /* LaunchScreen.storyboard */; };
		9BC45FC22CBE8AC900D16041 /* MovieListTests.swift in Sources */ = {isa = PBXBuildFile; fileRef = 9BC45FC12CBE8AC900D16041 /* MovieListTests.swift */; };
		9BC45FCC2CBE8AC900D16041 /* MovieListUITests.swift in Sources */ = {isa = PBXBuildFile; fileRef = 9BC45FCB2CBE8AC900D16041 /* MovieListUITests.swift */; };
		9BC45FCE2CBE8AC900D16041 /* MovieListUITestsLaunchTests.swift in Sources */ = {isa = PBXBuildFile; fileRef = 9BC45FCD2CBE8AC900D16041 /* MovieListUITestsLaunchTests.swift */; };
		9BC45FE02CBE959400D16041 /* MovieResponse.swift in Sources */ = {isa = PBXBuildFile; fileRef = 9BC45FDF2CBE959400D16041 /* MovieResponse.swift */; };
		9BC45FE32CBE95E300D16041 /* MovieService.swift in Sources */ = {isa = PBXBuildFile; fileRef = 9BC45FE22CBE95E300D16041 /* MovieService.swift */; };
		9BC45FE72CBE968700D16041 /* MovieListViewController.swift in Sources */ = {isa = PBXBuildFile; fileRef = 9BC45FE62CBE968700D16041 /* MovieListViewController.swift */; };
		9BC45FE92CBE96BB00D16041 /* MovieViewModel.swift in Sources */ = {isa = PBXBuildFile; fileRef = 9BC45FE82CBE96BB00D16041 /* MovieViewModel.swift */; };
		9BC45FED2CBE973500D16041 /* MovieListCell.swift in Sources */ = {isa = PBXBuildFile; fileRef = 9BC45FEB2CBE973500D16041 /* MovieListCell.swift */; };
		9BC45FEE2CBE973500D16041 /* MovieListCell.xib in Resources */ = {isa = PBXBuildFile; fileRef = 9BC45FEC2CBE973500D16041 /* MovieListCell.xib */; };
		9BC45FF82CBEA5C300D16041 /* MovieDetail.swift in Sources */ = {isa = PBXBuildFile; fileRef = 9BC45FF72CBEA5C300D16041 /* MovieDetail.swift */; };
		9BC45FFA2CBEA5DF00D16041 /* MovieDetailViewModel.swift in Sources */ = {isa = PBXBuildFile; fileRef = 9BC45FF92CBEA5DF00D16041 /* MovieDetailViewModel.swift */; };
		9BC45FFC2CBEA68000D16041 /* MovieDetailViewController.swift in Sources */ = {isa = PBXBuildFile; fileRef = 9BC45FFB2CBEA68000D16041 /* MovieDetailViewController.swift */; };
		9BC460002CBEAA2700D16041 /* HttpClient.swift in Sources */ = {isa = PBXBuildFile; fileRef = 9BC45FFF2CBEAA2700D16041 /* HttpClient.swift */; };
		9BC460032CBEAE7C00D16041 /* Common.swift in Sources */ = {isa = PBXBuildFile; fileRef = 9BC460022CBEAE7B00D16041 /* Common.swift */; };
		9BC460082CBEB5D500D16041 /* UIViewController+Extension.swift in Sources */ = {isa = PBXBuildFile; fileRef = 9BC460072CBEB5D500D16041 /* UIViewController+Extension.swift */; };
/* End PBXBuildFile section */

/* Begin PBXContainerItemProxy section */
		9BC45FBE2CBE8AC900D16041 /* PBXContainerItemProxy */ = {
			isa = PBXContainerItemProxy;
			containerPortal = 9BC45F9F2CBE8AC700D16041 /* Project object */;
			proxyType = 1;
			remoteGlobalIDString = 9BC45FA62CBE8AC700D16041;
			remoteInfo = MovieList;
		};
		9BC45FC82CBE8AC900D16041 /* PBXContainerItemProxy */ = {
			isa = PBXContainerItemProxy;
			containerPortal = 9BC45F9F2CBE8AC700D16041 /* Project object */;
			proxyType = 1;
			remoteGlobalIDString = 9BC45FA62CBE8AC700D16041;
			remoteInfo = MovieList;
		};
/* End PBXContainerItemProxy section */

/* Begin PBXFileReference section */
		9BC45FA72CBE8AC700D16041 /* MovieList.app */ = {isa = PBXFileReference; explicitFileType = wrapper.application; includeInIndex = 0; path = MovieList.app; sourceTree = BUILT_PRODUCTS_DIR; };
		9BC45FAA2CBE8AC700D16041 /* AppDelegate.swift */ = {isa = PBXFileReference; lastKnownFileType = sourcecode.swift; path = AppDelegate.swift; sourceTree = "<group>"; };
		9BC45FAC2CBE8AC700D16041 /* SceneDelegate.swift */ = {isa = PBXFileReference; lastKnownFileType = sourcecode.swift; path = SceneDelegate.swift; sourceTree = "<group>"; };
		9BC45FB12CBE8AC700D16041 /* Base */ = {isa = PBXFileReference; lastKnownFileType = file.storyboard; name = Base; path = Base.lproj/Main.storyboard; sourceTree = "<group>"; };
		9BC45FB32CBE8AC900D16041 /* Assets.xcassets */ = {isa = PBXFileReference; lastKnownFileType = folder.assetcatalog; path = Assets.xcassets; sourceTree = "<group>"; };
		9BC45FB62CBE8AC900D16041 /* Base */ = {isa = PBXFileReference; lastKnownFileType = file.storyboard; name = Base; path = Base.lproj/LaunchScreen.storyboard; sourceTree = "<group>"; };
		9BC45FB82CBE8AC900D16041 /* Info.plist */ = {isa = PBXFileReference; lastKnownFileType = text.plist.xml; path = Info.plist; sourceTree = "<group>"; };
		9BC45FBD2CBE8AC900D16041 /* MovieListTests.xctest */ = {isa = PBXFileReference; explicitFileType = wrapper.cfbundle; includeInIndex = 0; path = MovieListTests.xctest; sourceTree = BUILT_PRODUCTS_DIR; };
		9BC45FC12CBE8AC900D16041 /* MovieListTests.swift */ = {isa = PBXFileReference; lastKnownFileType = sourcecode.swift; path = MovieListTests.swift; sourceTree = "<group>"; };
		9BC45FC72CBE8AC900D16041 /* MovieListUITests.xctest */ = {isa = PBXFileReference; explicitFileType = wrapper.cfbundle; includeInIndex = 0; path = MovieListUITests.xctest; sourceTree = BUILT_PRODUCTS_DIR; };
		9BC45FCB2CBE8AC900D16041 /* MovieListUITests.swift */ = {isa = PBXFileReference; lastKnownFileType = sourcecode.swift; path = MovieListUITests.swift; sourceTree = "<group>"; };
		9BC45FCD2CBE8AC900D16041 /* MovieListUITestsLaunchTests.swift */ = {isa = PBXFileReference; lastKnownFileType = sourcecode.swift; path = MovieListUITestsLaunchTests.swift; sourceTree = "<group>"; };
		9BC45FDF2CBE959400D16041 /* MovieResponse.swift */ = {isa = PBXFileReference; lastKnownFileType = sourcecode.swift; path = MovieResponse.swift; sourceTree = "<group>"; };
		9BC45FE22CBE95E300D16041 /* MovieService.swift */ = {isa = PBXFileReference; lastKnownFileType = sourcecode.swift; path = MovieService.swift; sourceTree = "<group>"; };
		9BC45FE62CBE968700D16041 /* MovieListViewController.swift */ = {isa = PBXFileReference; lastKnownFileType = sourcecode.swift; path = MovieListViewController.swift; sourceTree = "<group>"; };
		9BC45FE82CBE96BB00D16041 /* MovieViewModel.swift */ = {isa = PBXFileReference; lastKnownFileType = sourcecode.swift; path = MovieViewModel.swift; sourceTree = "<group>"; };
		9BC45FEB2CBE973500D16041 /* MovieListCell.swift */ = {isa = PBXFileReference; lastKnownFileType = sourcecode.swift; path = MovieListCell.swift; sourceTree = "<group>"; };
		9BC45FEC2CBE973500D16041 /* MovieListCell.xib */ = {isa = PBXFileReference; lastKnownFileType = file.xib; path = MovieListCell.xib; sourceTree = "<group>"; };
		9BC45FF72CBEA5C300D16041 /* MovieDetail.swift */ = {isa = PBXFileReference; lastKnownFileType = sourcecode.swift; path = MovieDetail.swift; sourceTree = "<group>"; };
		9BC45FF92CBEA5DF00D16041 /* MovieDetailViewModel.swift */ = {isa = PBXFileReference; lastKnownFileType = sourcecode.swift; path = MovieDetailViewModel.swift; sourceTree = "<group>"; };
		9BC45FFB2CBEA68000D16041 /* MovieDetailViewController.swift */ = {isa = PBXFileReference; lastKnownFileType = sourcecode.swift; path = MovieDetailViewController.swift; sourceTree = "<group>"; };
		9BC45FFF2CBEAA2700D16041 /* HttpClient.swift */ = {isa = PBXFileReference; lastKnownFileType = sourcecode.swift; path = HttpClient.swift; sourceTree = "<group>"; };
		9BC460022CBEAE7B00D16041 /* Common.swift */ = {isa = PBXFileReference; lastKnownFileType = sourcecode.swift; path = Common.swift; sourceTree = "<group>"; };
		9BC460072CBEB5D500D16041 /* UIViewController+Extension.swift */ = {isa = PBXFileReference; lastKnownFileType = sourcecode.swift; path = "UIViewController+Extension.swift"; sourceTree = "<group>"; };
/* End PBXFileReference section */

/* Begin PBXFrameworksBuildPhase section */
		9BC45FA42CBE8AC700D16041 /* Frameworks */ = {
			isa = PBXFrameworksBuildPhase;
			buildActionMask = 2147483647;
			files = (
			);
			runOnlyForDeploymentPostprocessing = 0;
		};
		9BC45FBA2CBE8AC900D16041 /* Frameworks */ = {
			isa = PBXFrameworksBuildPhase;
			buildActionMask = 2147483647;
			files = (
			);
			runOnlyForDeploymentPostprocessing = 0;
		};
		9BC45FC42CBE8AC900D16041 /* Frameworks */ = {
			isa = PBXFrameworksBuildPhase;
			buildActionMask = 2147483647;
			files = (
			);
			runOnlyForDeploymentPostprocessing = 0;
		};
/* End PBXFrameworksBuildPhase section */

/* Begin PBXGroup section */
		9BC45F9E2CBE8AC700D16041 = {
			isa = PBXGroup;
			children = (
				9BC45FA92CBE8AC700D16041 /* MovieList */,
				9BC45FC02CBE8AC900D16041 /* MovieListTests */,
				9BC45FCA2CBE8AC900D16041 /* MovieListUITests */,
				9BC45FA82CBE8AC700D16041 /* Products */,
			);
			sourceTree = "<group>";
		};
		9BC45FA82CBE8AC700D16041 /* Products */ = {
			isa = PBXGroup;
			children = (
				9BC45FA72CBE8AC700D16041 /* MovieList.app */,
				9BC45FBD2CBE8AC900D16041 /* MovieListTests.xctest */,
				9BC45FC72CBE8AC900D16041 /* MovieListUITests.xctest */,
			);
			name = Products;
			sourceTree = "<group>";
		};
		9BC45FA92CBE8AC700D16041 /* MovieList */ = {
			isa = PBXGroup;
			children = (
				9BC45FFD2CBEA9E100D16041 /* App */,
				9BC460012CBEAE5E00D16041 /* Common */,
				9BC45FF12CBEA3B200D16041 /* Services */,
				9BC45FDA2CBE954A00D16041 /* Module */,
				9BC460052CBEB5AC00D16041 /* Utility */,
				9BC45FB02CBE8AC700D16041 /* Main.storyboard */,
				9BC45FB32CBE8AC900D16041 /* Assets.xcassets */,
				9BC45FB52CBE8AC900D16041 /* LaunchScreen.storyboard */,
				9BC45FB82CBE8AC900D16041 /* Info.plist */,
			);
			path = MovieList;
			sourceTree = "<group>";
		};
		9BC45FC02CBE8AC900D16041 /* MovieListTests */ = {
			isa = PBXGroup;
			children = (
				9BC45FC12CBE8AC900D16041 /* MovieListTests.swift */,
			);
			path = MovieListTests;
			sourceTree = "<group>";
		};
		9BC45FCA2CBE8AC900D16041 /* MovieListUITests */ = {
			isa = PBXGroup;
			children = (
				9BC45FCB2CBE8AC900D16041 /* MovieListUITests.swift */,
				9BC45FCD2CBE8AC900D16041 /* MovieListUITestsLaunchTests.swift */,
			);
			path = MovieListUITests;
			sourceTree = "<group>";
		};
		9BC45FDA2CBE954A00D16041 /* Module */ = {
			isa = PBXGroup;
			children = (
				9BC45FEF2CBE996500D16041 /* List */,
				9BC45FF02CBE997A00D16041 /* Detail */,
			);
			path = Module;
			sourceTree = "<group>";
		};
		9BC45FDB2CBE955200D16041 /* Model */ = {
			isa = PBXGroup;
			children = (
				9BC45FDF2CBE959400D16041 /* MovieResponse.swift */,
			);
			path = Model;
			sourceTree = "<group>";
		};
		9BC45FDC2CBE955900D16041 /* ViewModel */ = {
			isa = PBXGroup;
			children = (
				9BC45FE82CBE96BB00D16041 /* MovieViewModel.swift */,
			);
			path = ViewModel;
			sourceTree = "<group>";
		};
		9BC45FDD2CBE956200D16041 /* View */ = {
			isa = PBXGroup;
			children = (
				9BC45FE62CBE968700D16041 /* MovieListViewController.swift */,
				9BC45FEB2CBE973500D16041 /* MovieListCell.swift */,
				9BC45FEC2CBE973500D16041 /* MovieListCell.xib */,
			);
			path = View;
			sourceTree = "<group>";
		};
		9BC45FEF2CBE996500D16041 /* List */ = {
			isa = PBXGroup;
			children = (
				9BC45FDC2CBE955900D16041 /* ViewModel */,
				9BC45FDD2CBE956200D16041 /* View */,
				9BC45FDB2CBE955200D16041 /* Model */,
			);
			path = List;
			sourceTree = "<group>";
		};
		9BC45FF02CBE997A00D16041 /* Detail */ = {
			isa = PBXGroup;
			children = (
				9BC45FF62CBEA55000D16041 /* ViewModel */,
				9BC45FF52CBEA54600D16041 /* View */,
				9BC45FF42CBEA53F00D16041 /* Model */,
			);
			path = Detail;
			sourceTree = "<group>";
		};
		9BC45FF12CBEA3B200D16041 /* Services */ = {
			isa = PBXGroup;
			children = (
				9BC45FFE2CBEAA1200D16041 /* HttpClient */,
				9BC45FF32CBEA3D500D16041 /* MovieService */,
			);
			path = Services;
			sourceTree = "<group>";
		};
		9BC45FF32CBEA3D500D16041 /* MovieService */ = {
			isa = PBXGroup;
			children = (
				9BC45FE22CBE95E300D16041 /* MovieService.swift */,
			);
			path = MovieService;
			sourceTree = "<group>";
		};
		9BC45FF42CBEA53F00D16041 /* Model */ = {
			isa = PBXGroup;
			children = (
				9BC45FF72CBEA5C300D16041 /* MovieDetail.swift */,
			);
			path = Model;
			sourceTree = "<group>";
		};
		9BC45FF52CBEA54600D16041 /* View */ = {
			isa = PBXGroup;
			children = (
				9BC45FFB2CBEA68000D16041 /* MovieDetailViewController.swift */,
			);
			path = View;
			sourceTree = "<group>";
		};
		9BC45FF62CBEA55000D16041 /* ViewModel */ = {
			isa = PBXGroup;
			children = (
				9BC45FF92CBEA5DF00D16041 /* MovieDetailViewModel.swift */,
			);
			path = ViewModel;
			sourceTree = "<group>";
		};
		9BC45FFD2CBEA9E100D16041 /* App */ = {
			isa = PBXGroup;
			children = (
				9BC45FAA2CBE8AC700D16041 /* AppDelegate.swift */,
				9BC45FAC2CBE8AC700D16041 /* SceneDelegate.swift */,
			);
			path = App;
			sourceTree = "<group>";
		};
		9BC45FFE2CBEAA1200D16041 /* HttpClient */ = {
			isa = PBXGroup;
			children = (
				9BC45FFF2CBEAA2700D16041 /* HttpClient.swift */,
			);
			path = HttpClient;
			sourceTree = "<group>";
		};
		9BC460012CBEAE5E00D16041 /* Common */ = {
			isa = PBXGroup;
			children = (
				9BC460022CBEAE7B00D16041 /* Common.swift */,
			);
			path = Common;
			sourceTree = "<group>";
		};
		9BC460052CBEB5AC00D16041 /* Utility */ = {
			isa = PBXGroup;
			children = (
				9BC460062CBEB5BA00D16041 /* Extension */,
			);
			path = Utility;
			sourceTree = "<group>";
		};
		9BC460062CBEB5BA00D16041 /* Extension */ = {
			isa = PBXGroup;
			children = (
				9BC460072CBEB5D500D16041 /* UIViewController+Extension.swift */,
			);
			path = Extension;
			sourceTree = "<group>";
		};
/* End PBXGroup section */

/* Begin PBXNativeTarget section */
		9BC45FA62CBE8AC700D16041 /* MovieList */ = {
			isa = PBXNativeTarget;
			buildConfigurationList = 9BC45FD12CBE8AC900D16041 /* Build configuration list for PBXNativeTarget "MovieList" */;
			buildPhases = (
				9BC45FA32CBE8AC700D16041 /* Sources */,
				9BC45FA42CBE8AC700D16041 /* Frameworks */,
				9BC45FA52CBE8AC700D16041 /* Resources */,
			);
			buildRules = (
			);
			dependencies = (
			);
			name = MovieList;
			productName = MovieList;
			productReference = 9BC45FA72CBE8AC700D16041 /* MovieList.app */;
			productType = "com.apple.product-type.application";
		};
		9BC45FBC2CBE8AC900D16041 /* MovieListTests */ = {
			isa = PBXNativeTarget;
			buildConfigurationList = 9BC45FD42CBE8AC900D16041 /* Build configuration list for PBXNativeTarget "MovieListTests" */;
			buildPhases = (
				9BC45FB92CBE8AC900D16041 /* Sources */,
				9BC45FBA2CBE8AC900D16041 /* Frameworks */,
				9BC45FBB2CBE8AC900D16041 /* Resources */,
			);
			buildRules = (
			);
			dependencies = (
				9BC45FBF2CBE8AC900D16041 /* PBXTargetDependency */,
			);
			name = MovieListTests;
			productName = MovieListTests;
			productReference = 9BC45FBD2CBE8AC900D16041 /* MovieListTests.xctest */;
			productType = "com.apple.product-type.bundle.unit-test";
		};
		9BC45FC62CBE8AC900D16041 /* MovieListUITests */ = {
			isa = PBXNativeTarget;
			buildConfigurationList = 9BC45FD72CBE8AC900D16041 /* Build configuration list for PBXNativeTarget "MovieListUITests" */;
			buildPhases = (
				9BC45FC32CBE8AC900D16041 /* Sources */,
				9BC45FC42CBE8AC900D16041 /* Frameworks */,
				9BC45FC52CBE8AC900D16041 /* Resources */,
			);
			buildRules = (
			);
			dependencies = (
				9BC45FC92CBE8AC900D16041 /* PBXTargetDependency */,
			);
			name = MovieListUITests;
			productName = MovieListUITests;
			productReference = 9BC45FC72CBE8AC900D16041 /* MovieListUITests.xctest */;
			productType = "com.apple.product-type.bundle.ui-testing";
		};
/* End PBXNativeTarget section */

/* Begin PBXProject section */
		9BC45F9F2CBE8AC700D16041 /* Project object */ = {
			isa = PBXProject;
			attributes = {
				BuildIndependentTargetsInParallel = 1;
				LastSwiftUpdateCheck = 1430;
				LastUpgradeCheck = 1430;
				TargetAttributes = {
					9BC45FA62CBE8AC700D16041 = {
						CreatedOnToolsVersion = 14.3.1;
					};
					9BC45FBC2CBE8AC900D16041 = {
						CreatedOnToolsVersion = 14.3.1;
						TestTargetID = 9BC45FA62CBE8AC700D16041;
					};
					9BC45FC62CBE8AC900D16041 = {
						CreatedOnToolsVersion = 14.3.1;
						TestTargetID = 9BC45FA62CBE8AC700D16041;
					};
				};
			};
			buildConfigurationList = 9BC45FA22CBE8AC700D16041 /* Build configuration list for PBXProject "MovieList" */;
			compatibilityVersion = "Xcode 14.0";
			developmentRegion = en;
			hasScannedForEncodings = 0;
			knownRegions = (
				en,
				Base,
			);
			mainGroup = 9BC45F9E2CBE8AC700D16041;
			productRefGroup = 9BC45FA82CBE8AC700D16041 /* Products */;
			projectDirPath = "";
			projectRoot = "";
			targets = (
				9BC45FA62CBE8AC700D16041 /* MovieList */,
				9BC45FBC2CBE8AC900D16041 /* MovieListTests */,
				9BC45FC62CBE8AC900D16041 /* MovieListUITests */,
			);
		};
/* End PBXProject section */

/* Begin PBXResourcesBuildPhase section */
		9BC45FA52CBE8AC700D16041 /* Resources */ = {
			isa = PBXResourcesBuildPhase;
			buildActionMask = 2147483647;
			files = (
				9BC45FB72CBE8AC900D16041 /* LaunchScreen.storyboard in Resources */,
				9BC45FB42CBE8AC900D16041 /* Assets.xcassets in Resources */,
				9BC45FEE2CBE973500D16041 /* MovieListCell.xib in Resources */,
				9BC45FB22CBE8AC700D16041 /* Main.storyboard in Resources */,
			);
			runOnlyForDeploymentPostprocessing = 0;
		};
		9BC45FBB2CBE8AC900D16041 /* Resources */ = {
			isa = PBXResourcesBuildPhase;
			buildActionMask = 2147483647;
			files = (
			);
			runOnlyForDeploymentPostprocessing = 0;
		};
		9BC45FC52CBE8AC900D16041 /* Resources */ = {
			isa = PBXResourcesBuildPhase;
			buildActionMask = 2147483647;
			files = (
			);
			runOnlyForDeploymentPostprocessing = 0;
		};
/* End PBXResourcesBuildPhase section */

/* Begin PBXSourcesBuildPhase section */
		9BC45FA32CBE8AC700D16041 /* Sources */ = {
			isa = PBXSourcesBuildPhase;
			buildActionMask = 2147483647;
			files = (
				9BC45FE02CBE959400D16041 /* MovieResponse.swift in Sources */,
				9BC460082CBEB5D500D16041 /* UIViewController+Extension.swift in Sources */,
				9BC45FE72CBE968700D16041 /* MovieListViewController.swift in Sources */,
				9BC45FAB2CBE8AC700D16041 /* AppDelegate.swift in Sources */,
				9BC45FE32CBE95E300D16041 /* MovieService.swift in Sources */,
				9BC460032CBEAE7C00D16041 /* Common.swift in Sources */,
				9BC45FAD2CBE8AC700D16041 /* SceneDelegate.swift in Sources */,
				9BC45FED2CBE973500D16041 /* MovieListCell.swift in Sources */,
				9BC45FFC2CBEA68000D16041 /* MovieDetailViewController.swift in Sources */,
				9BC460002CBEAA2700D16041 /* HttpClient.swift in Sources */,
				9BC45FE92CBE96BB00D16041 /* MovieViewModel.swift in Sources */,
				9BC45FF82CBEA5C300D16041 /* MovieDetail.swift in Sources */,
				9BC45FFA2CBEA5DF00D16041 /* MovieDetailViewModel.swift in Sources */,
			);
			runOnlyForDeploymentPostprocessing = 0;
		};
		9BC45FB92CBE8AC900D16041 /* Sources */ = {
			isa = PBXSourcesBuildPhase;
			buildActionMask = 2147483647;
			files = (
				9BC45FC22CBE8AC900D16041 /* MovieListTests.swift in Sources */,
			);
			runOnlyForDeploymentPostprocessing = 0;
		};
		9BC45FC32CBE8AC900D16041 /* Sources */ = {
			isa = PBXSourcesBuildPhase;
			buildActionMask = 2147483647;
			files = (
				9BC45FCC2CBE8AC900D16041 /* MovieListUITests.swift in Sources */,
				9BC45FCE2CBE8AC900D16041 /* MovieListUITestsLaunchTests.swift in Sources */,
			);
			runOnlyForDeploymentPostprocessing = 0;
		};
/* End PBXSourcesBuildPhase section */

/* Begin PBXTargetDependency section */
		9BC45FBF2CBE8AC900D16041 /* PBXTargetDependency */ = {
			isa = PBXTargetDependency;
			target = 9BC45FA62CBE8AC700D16041 /* MovieList */;
			targetProxy = 9BC45FBE2CBE8AC900D16041 /* PBXContainerItemProxy */;
		};
		9BC45FC92CBE8AC900D16041 /* PBXTargetDependency */ = {
			isa = PBXTargetDependency;
			target = 9BC45FA62CBE8AC700D16041 /* MovieList */;
			targetProxy = 9BC45FC82CBE8AC900D16041 /* PBXContainerItemProxy */;
		};
/* End PBXTargetDependency section */

/* Begin PBXVariantGroup section */
		9BC45FB02CBE8AC700D16041 /* Main.storyboard */ = {
			isa = PBXVariantGroup;
			children = (
				9BC45FB12CBE8AC700D16041 /* Base */,
			);
			name = Main.storyboard;
			sourceTree = "<group>";
		};
		9BC45FB52CBE8AC900D16041 /* LaunchScreen.storyboard */ = {
			isa = PBXVariantGroup;
			children = (
				9BC45FB62CBE8AC900D16041 /* Base */,
			);
			name = LaunchScreen.storyboard;
			sourceTree = "<group>";
		};
/* End PBXVariantGroup section */

/* Begin XCBuildConfiguration section */
		9BC45FCF2CBE8AC900D16041 /* Debug */ = {
			isa = XCBuildConfiguration;
			buildSettings = {
				ALWAYS_SEARCH_USER_PATHS = NO;
				CLANG_ANALYZER_NONNULL = YES;
				CLANG_ANALYZER_NUMBER_OBJECT_CONVERSION = YES_AGGRESSIVE;
				CLANG_CXX_LANGUAGE_STANDARD = "gnu++20";
				CLANG_ENABLE_MODULES = YES;
				CLANG_ENABLE_OBJC_ARC = YES;
				CLANG_ENABLE_OBJC_WEAK = YES;
				CLANG_WARN_BLOCK_CAPTURE_AUTORELEASING = YES;
				CLANG_WARN_BOOL_CONVERSION = YES;
				CLANG_WARN_COMMA = YES;
				CLANG_WARN_CONSTANT_CONVERSION = YES;
				CLANG_WARN_DEPRECATED_OBJC_IMPLEMENTATIONS = YES;
				CLANG_WARN_DIRECT_OBJC_ISA_USAGE = YES_ERROR;
				CLANG_WARN_DOCUMENTATION_COMMENTS = YES;
				CLANG_WARN_EMPTY_BODY = YES;
				CLANG_WARN_ENUM_CONVERSION = YES;
				CLANG_WARN_INFINITE_RECURSION = YES;
				CLANG_WARN_INT_CONVERSION = YES;
				CLANG_WARN_NON_LITERAL_NULL_CONVERSION = YES;
				CLANG_WARN_OBJC_IMPLICIT_RETAIN_SELF = YES;
				CLANG_WARN_OBJC_LITERAL_CONVERSION = YES;
				CLANG_WARN_OBJC_ROOT_CLASS = YES_ERROR;
				CLANG_WARN_QUOTED_INCLUDE_IN_FRAMEWORK_HEADER = YES;
				CLANG_WARN_RANGE_LOOP_ANALYSIS = YES;
				CLANG_WARN_STRICT_PROTOTYPES = YES;
				CLANG_WARN_SUSPICIOUS_MOVE = YES;
				CLANG_WARN_UNGUARDED_AVAILABILITY = YES_AGGRESSIVE;
				CLANG_WARN_UNREACHABLE_CODE = YES;
				CLANG_WARN__DUPLICATE_METHOD_MATCH = YES;
				COPY_PHASE_STRIP = NO;
				DEBUG_INFORMATION_FORMAT = dwarf;
				ENABLE_STRICT_OBJC_MSGSEND = YES;
				ENABLE_TESTABILITY = YES;
				GCC_C_LANGUAGE_STANDARD = gnu11;
				GCC_DYNAMIC_NO_PIC = NO;
				GCC_NO_COMMON_BLOCKS = YES;
				GCC_OPTIMIZATION_LEVEL = 0;
				GCC_PREPROCESSOR_DEFINITIONS = (
					"DEBUG=1",
					"$(inherited)",
				);
				GCC_WARN_64_TO_32_BIT_CONVERSION = YES;
				GCC_WARN_ABOUT_RETURN_TYPE = YES_ERROR;
				GCC_WARN_UNDECLARED_SELECTOR = YES;
				GCC_WARN_UNINITIALIZED_AUTOS = YES_AGGRESSIVE;
				GCC_WARN_UNUSED_FUNCTION = YES;
				GCC_WARN_UNUSED_VARIABLE = YES;
				IPHONEOS_DEPLOYMENT_TARGET = 16.4;
				MTL_ENABLE_DEBUG_INFO = INCLUDE_SOURCE;
				MTL_FAST_MATH = YES;
				ONLY_ACTIVE_ARCH = YES;
				SDKROOT = iphoneos;
				SWIFT_ACTIVE_COMPILATION_CONDITIONS = DEBUG;
				SWIFT_OPTIMIZATION_LEVEL = "-Onone";
			};
			name = Debug;
		};
		9BC45FD02CBE8AC900D16041 /* Release */ = {
			isa = XCBuildConfiguration;
			buildSettings = {
				ALWAYS_SEARCH_USER_PATHS = NO;
				CLANG_ANALYZER_NONNULL = YES;
				CLANG_ANALYZER_NUMBER_OBJECT_CONVERSION = YES_AGGRESSIVE;
				CLANG_CXX_LANGUAGE_STANDARD = "gnu++20";
				CLANG_ENABLE_MODULES = YES;
				CLANG_ENABLE_OBJC_ARC = YES;
				CLANG_ENABLE_OBJC_WEAK = YES;
				CLANG_WARN_BLOCK_CAPTURE_AUTORELEASING = YES;
				CLANG_WARN_BOOL_CONVERSION = YES;
				CLANG_WARN_COMMA = YES;
				CLANG_WARN_CONSTANT_CONVERSION = YES;
				CLANG_WARN_DEPRECATED_OBJC_IMPLEMENTATIONS = YES;
				CLANG_WARN_DIRECT_OBJC_ISA_USAGE = YES_ERROR;
				CLANG_WARN_DOCUMENTATION_COMMENTS = YES;
				CLANG_WARN_EMPTY_BODY = YES;
				CLANG_WARN_ENUM_CONVERSION = YES;
				CLANG_WARN_INFINITE_RECURSION = YES;
				CLANG_WARN_INT_CONVERSION = YES;
				CLANG_WARN_NON_LITERAL_NULL_CONVERSION = YES;
				CLANG_WARN_OBJC_IMPLICIT_RETAIN_SELF = YES;
				CLANG_WARN_OBJC_LITERAL_CONVERSION = YES;
				CLANG_WARN_OBJC_ROOT_CLASS = YES_ERROR;
				CLANG_WARN_QUOTED_INCLUDE_IN_FRAMEWORK_HEADER = YES;
				CLANG_WARN_RANGE_LOOP_ANALYSIS = YES;
				CLANG_WARN_STRICT_PROTOTYPES = YES;
				CLANG_WARN_SUSPICIOUS_MOVE = YES;
				CLANG_WARN_UNGUARDED_AVAILABILITY = YES_AGGRESSIVE;
				CLANG_WARN_UNREACHABLE_CODE = YES;
				CLANG_WARN__DUPLICATE_METHOD_MATCH = YES;
				COPY_PHASE_STRIP = NO;
				DEBUG_INFORMATION_FORMAT = "dwarf-with-dsym";
				ENABLE_NS_ASSERTIONS = NO;
				ENABLE_STRICT_OBJC_MSGSEND = YES;
				GCC_C_LANGUAGE_STANDARD = gnu11;
				GCC_NO_COMMON_BLOCKS = YES;
				GCC_WARN_64_TO_32_BIT_CONVERSION = YES;
				GCC_WARN_ABOUT_RETURN_TYPE = YES_ERROR;
				GCC_WARN_UNDECLARED_SELECTOR = YES;
				GCC_WARN_UNINITIALIZED_AUTOS = YES_AGGRESSIVE;
				GCC_WARN_UNUSED_FUNCTION = YES;
				GCC_WARN_UNUSED_VARIABLE = YES;
				IPHONEOS_DEPLOYMENT_TARGET = 16.4;
				MTL_ENABLE_DEBUG_INFO = NO;
				MTL_FAST_MATH = YES;
				SDKROOT = iphoneos;
				SWIFT_COMPILATION_MODE = wholemodule;
				SWIFT_OPTIMIZATION_LEVEL = "-O";
				VALIDATE_PRODUCT = YES;
			};
			name = Release;
		};
		9BC45FD22CBE8AC900D16041 /* Debug */ = {
			isa = XCBuildConfiguration;
			buildSettings = {
				ASSETCATALOG_COMPILER_APPICON_NAME = AppIcon;
				ASSETCATALOG_COMPILER_GLOBAL_ACCENT_COLOR_NAME = AccentColor;
				CODE_SIGN_STYLE = Automatic;
				CURRENT_PROJECT_VERSION = 1;
				GENERATE_INFOPLIST_FILE = YES;
				INFOPLIST_FILE = MovieList/Info.plist;
				INFOPLIST_KEY_UIApplicationSupportsIndirectInputEvents = YES;
				INFOPLIST_KEY_UILaunchStoryboardName = LaunchScreen;
				INFOPLIST_KEY_UIMainStoryboardFile = Main;
				INFOPLIST_KEY_UISupportedInterfaceOrientations_iPad = "UIInterfaceOrientationPortrait UIInterfaceOrientationPortraitUpsideDown UIInterfaceOrientationLandscapeLeft UIInterfaceOrientationLandscapeRight";
				INFOPLIST_KEY_UISupportedInterfaceOrientations_iPhone = "UIInterfaceOrientationPortrait UIInterfaceOrientationLandscapeLeft UIInterfaceOrientationLandscapeRight";
				LD_RUNPATH_SEARCH_PATHS = (
					"$(inherited)",
					"@executable_path/Frameworks",
				);
				MARKETING_VERSION = 1.0;
				PRODUCT_BUNDLE_IDENTIFIER = "Bheem-Singh.MovieList";
				PRODUCT_NAME = "$(TARGET_NAME)";
				SWIFT_EMIT_LOC_STRINGS = YES;
				SWIFT_VERSION = 5.0;
				TARGETED_DEVICE_FAMILY = "1,2";
			};
			name = Debug;
		};
		9BC45FD32CBE8AC900D16041 /* Release */ = {
			isa = XCBuildConfiguration;
			buildSettings = {
				ASSETCATALOG_COMPILER_APPICON_NAME = AppIcon;
				ASSETCATALOG_COMPILER_GLOBAL_ACCENT_COLOR_NAME = AccentColor;
				CODE_SIGN_STYLE = Automatic;
				CURRENT_PROJECT_VERSION = 1;
				GENERATE_INFOPLIST_FILE = YES;
				INFOPLIST_FILE = MovieList/Info.plist;
				INFOPLIST_KEY_UIApplicationSupportsIndirectInputEvents = YES;
				INFOPLIST_KEY_UILaunchStoryboardName = LaunchScreen;
				INFOPLIST_KEY_UIMainStoryboardFile = Main;
				INFOPLIST_KEY_UISupportedInterfaceOrientations_iPad = "UIInterfaceOrientationPortrait UIInterfaceOrientationPortraitUpsideDown UIInterfaceOrientationLandscapeLeft UIInterfaceOrientationLandscapeRight";
				INFOPLIST_KEY_UISupportedInterfaceOrientations_iPhone = "UIInterfaceOrientationPortrait UIInterfaceOrientationLandscapeLeft UIInterfaceOrientationLandscapeRight";
				LD_RUNPATH_SEARCH_PATHS = (
					"$(inherited)",
					"@executable_path/Frameworks",
				);
				MARKETING_VERSION = 1.0;
				PRODUCT_BUNDLE_IDENTIFIER = "Bheem-Singh.MovieList";
				PRODUCT_NAME = "$(TARGET_NAME)";
				SWIFT_EMIT_LOC_STRINGS = YES;
				SWIFT_VERSION = 5.0;
				TARGETED_DEVICE_FAMILY = "1,2";
			};
			name = Release;
		};
		9BC45FD52CBE8AC900D16041 /* Debug */ = {
			isa = XCBuildConfiguration;
			buildSettings = {
				ALWAYS_EMBED_SWIFT_STANDARD_LIBRARIES = YES;
				BUNDLE_LOADER = "$(TEST_HOST)";
				CODE_SIGN_STYLE = Automatic;
				CURRENT_PROJECT_VERSION = 1;
				GENERATE_INFOPLIST_FILE = YES;
				IPHONEOS_DEPLOYMENT_TARGET = 16.4;
				MARKETING_VERSION = 1.0;
				PRODUCT_BUNDLE_IDENTIFIER = "Bheem-Singh.MovieListTests";
				PRODUCT_NAME = "$(TARGET_NAME)";
				SWIFT_EMIT_LOC_STRINGS = NO;
				SWIFT_VERSION = 5.0;
				TARGETED_DEVICE_FAMILY = "1,2";
				TEST_HOST = "$(BUILT_PRODUCTS_DIR)/MovieList.app/$(BUNDLE_EXECUTABLE_FOLDER_PATH)/MovieList";
			};
			name = Debug;
		};
		9BC45FD62CBE8AC900D16041 /* Release */ = {
			isa = XCBuildConfiguration;
			buildSettings = {
				ALWAYS_EMBED_SWIFT_STANDARD_LIBRARIES = YES;
				BUNDLE_LOADER = "$(TEST_HOST)";
				CODE_SIGN_STYLE = Automatic;
				CURRENT_PROJECT_VERSION = 1;
				GENERATE_INFOPLIST_FILE = YES;
				IPHONEOS_DEPLOYMENT_TARGET = 16.4;
				MARKETING_VERSION = 1.0;
				PRODUCT_BUNDLE_IDENTIFIER = "Bheem-Singh.MovieListTests";
				PRODUCT_NAME = "$(TARGET_NAME)";
				SWIFT_EMIT_LOC_STRINGS = NO;
				SWIFT_VERSION = 5.0;
				TARGETED_DEVICE_FAMILY = "1,2";
				TEST_HOST = "$(BUILT_PRODUCTS_DIR)/MovieList.app/$(BUNDLE_EXECUTABLE_FOLDER_PATH)/MovieList";
			};
			name = Release;
		};
		9BC45FD82CBE8AC900D16041 /* Debug */ = {
			isa = XCBuildConfiguration;
			buildSettings = {
				ALWAYS_EMBED_SWIFT_STANDARD_LIBRARIES = YES;
				CODE_SIGN_STYLE = Automatic;
				CURRENT_PROJECT_VERSION = 1;
				GENERATE_INFOPLIST_FILE = YES;
				MARKETING_VERSION = 1.0;
				PRODUCT_BUNDLE_IDENTIFIER = "Bheem-Singh.MovieListUITests";
				PRODUCT_NAME = "$(TARGET_NAME)";
				SWIFT_EMIT_LOC_STRINGS = NO;
				SWIFT_VERSION = 5.0;
				TARGETED_DEVICE_FAMILY = "1,2";
				TEST_TARGET_NAME = MovieList;
			};
			name = Debug;
		};
		9BC45FD92CBE8AC900D16041 /* Release */ = {
			isa = XCBuildConfiguration;
			buildSettings = {
				ALWAYS_EMBED_SWIFT_STANDARD_LIBRARIES = YES;
				CODE_SIGN_STYLE = Automatic;
				CURRENT_PROJECT_VERSION = 1;
				GENERATE_INFOPLIST_FILE = YES;
				MARKETING_VERSION = 1.0;
				PRODUCT_BUNDLE_IDENTIFIER = "Bheem-Singh.MovieListUITests";
				PRODUCT_NAME = "$(TARGET_NAME)";
				SWIFT_EMIT_LOC_STRINGS = NO;
				SWIFT_VERSION = 5.0;
				TARGETED_DEVICE_FAMILY = "1,2";
				TEST_TARGET_NAME = MovieList;
			};
			name = Release;
		};
/* End XCBuildConfiguration section */

/* Begin XCConfigurationList section */
		9BC45FA22CBE8AC700D16041 /* Build configuration list for PBXProject "MovieList" */ = {
			isa = XCConfigurationList;
			buildConfigurations = (
				9BC45FCF2CBE8AC900D16041 /* Debug */,
				9BC45FD02CBE8AC900D16041 /* Release */,
			);
			defaultConfigurationIsVisible = 0;
			defaultConfigurationName = Release;
		};
		9BC45FD12CBE8AC900D16041 /* Build configuration list for PBXNativeTarget "MovieList" */ = {
			isa = XCConfigurationList;
			buildConfigurations = (
				9BC45FD22CBE8AC900D16041 /* Debug */,
				9BC45FD32CBE8AC900D16041 /* Release */,
			);
			defaultConfigurationIsVisible = 0;
			defaultConfigurationName = Release;
		};
		9BC45FD42CBE8AC900D16041 /* Build configuration list for PBXNativeTarget "MovieListTests" */ = {
			isa = XCConfigurationList;
			buildConfigurations = (
				9BC45FD52CBE8AC900D16041 /* Debug */,
				9BC45FD62CBE8AC900D16041 /* Release */,
			);
			defaultConfigurationIsVisible = 0;
			defaultConfigurationName = Release;
		};
		9BC45FD72CBE8AC900D16041 /* Build configuration list for PBXNativeTarget "MovieListUITests" */ = {
			isa = XCConfigurationList;
			buildConfigurations = (
				9BC45FD82CBE8AC900D16041 /* Debug */,
				9BC45FD92CBE8AC900D16041 /* Release */,
			);
			defaultConfigurationIsVisible = 0;
			defaultConfigurationName = Release;
		};
/* End XCConfigurationList section */
	};
	rootObject = 9BC45F9F2CBE8AC700D16041 /* Project object */;
}
